// !$*UTF8*$!
{
	archiveVersion = 1;
	classes = {
	};
	objectVersion = 60;
	objects = {

/* Begin PBXBuildFile section */
		5770A7B6CCC2D8BABB1A2EB8 /* native-bridge-index.swift in Sources */ = {isa = PBXBuildFile; fileRef = D5C788009185A1DDC7829283 /* native-bridge-index.swift */; };
		69A3966372E51832E27A59E8 /* native-demo-index.swift in Sources */ = {isa = PBXBuildFile; fileRef = CEBDC9BADEA3D132E98F2DFF /* native-demo-index.swift */; };
		930BFEBA2CE48A12006333FB /* DCloudDebugServe.xcframework in Frameworks */ = {isa = PBXBuildFile; fileRef = 930BFEB92CE48A11006333FB /* DCloudDebugServe.xcframework */; };
		9338345B2C3B9DAA00C4DE06 /* DCloudPermissionCamera.xcframework in Frameworks */ = {isa = PBXBuildFile; fileRef = 933834552C3B9DAA00C4DE06 /* DCloudPermissionCamera.xcframework */; };
		9338345C2C3B9DAA00C4DE06 /* DCloudPermissionMicrophone.xcframework in Frameworks */ = {isa = PBXBuildFile; fileRef = 933834562C3B9DAA00C4DE06 /* DCloudPermissionMicrophone.xcframework */; };
		9338345D2C3B9DAA00C4DE06 /* DCloudPermissionIDFA.xcframework in Frameworks */ = {isa = PBXBuildFile; fileRef = 933834572C3B9DAA00C4DE06 /* DCloudPermissionIDFA.xcframework */; };
		9338345E2C3B9DAA00C4DE06 /* DCloudPermissionPush.xcframework in Frameworks */ = {isa = PBXBuildFile; fileRef = 933834582C3B9DAA00C4DE06 /* DCloudPermissionPush.xcframework */; };
		9338345F2C3B9DAA00C4DE06 /* DCloudPermissionLocation.xcframework in Frameworks */ = {isa = PBXBuildFile; fileRef = 933834592C3B9DAA00C4DE06 /* DCloudPermissionLocation.xcframework */; };
		933834602C3B9DAA00C4DE06 /* DCloudPermissionAlbum.xcframework in Frameworks */ = {isa = PBXBuildFile; fileRef = 9338345A2C3B9DAA00C4DE06 /* DCloudPermissionAlbum.xcframework */; };
		9338346B2C3B9DC800C4DE06 /* DCSVProgressHUD.bundle in Resources */ = {isa = PBXBuildFile; fileRef = 933834612C3B9DC800C4DE06 /* DCSVProgressHUD.bundle */; };
		9338346C2C3B9DC800C4DE06 /* BioAuthEngine.bundle in Resources */ = {isa = PBXBuildFile; fileRef = 933834622C3B9DC800C4DE06 /* BioAuthEngine.bundle */; };
		9338346D2C3B9DC800C4DE06 /* TYRZResource.bundle in Resources */ = {isa = PBXBuildFile; fileRef = 933834632C3B9DC800C4DE06 /* TYRZResource.bundle */; };
		9338346E2C3B9DC800C4DE06 /* AlipaySDK.bundle in Resources */ = {isa = PBXBuildFile; fileRef = 933834642C3B9DC800C4DE06 /* AlipaySDK.bundle */; };
		9338346F2C3B9DC800C4DE06 /* DCMediaEditingController.bundle in Resources */ = {isa = PBXBuildFile; fileRef = 933834652C3B9DC800C4DE06 /* DCMediaEditingController.bundle */; };
		933834702C3B9DC800C4DE06 /* DCUniVideo.bundle in Resources */ = {isa = PBXBuildFile; fileRef = 933834662C3B9DC800C4DE06 /* DCUniVideo.bundle */; };
		933834712C3B9DC800C4DE06 /* ToygerNative.bundle in Resources */ = {isa = PBXBuildFile; fileRef = 933834672C3B9DC800C4DE06 /* ToygerNative.bundle */; };
		933834722C3B9DC800C4DE06 /* DCTZImagePickerController.bundle in Resources */ = {isa = PBXBuildFile; fileRef = 933834682C3B9DC800C4DE06 /* DCTZImagePickerController.bundle */; };
		933834732C3B9DC800C4DE06 /* DCUniAdSDK.bundle in Resources */ = {isa = PBXBuildFile; fileRef = 933834692C3B9DC800C4DE06 /* DCUniAdSDK.bundle */; };
		933834742C3B9DC800C4DE06 /* APBToygerFacade.bundle in Resources */ = {isa = PBXBuildFile; fileRef = 9338346A2C3B9DC800C4DE06 /* APBToygerFacade.bundle */; };
		933834772C3B9EB000C4DE06 /* DCUniAdFoundation.xcframework in Frameworks */ = {isa = PBXBuildFile; fileRef = 933834752C3B9EAA00C4DE06 /* DCUniAdFoundation.xcframework */; };
		933834782C3B9EB000C4DE06 /* DCUniAdFoundation.xcframework in Embed Frameworks */ = {isa = PBXBuildFile; fileRef = 933834752C3B9EAA00C4DE06 /* DCUniAdFoundation.xcframework */; settings = {ATTRIBUTES = (CodeSignOnCopy, ); }; };
		9338347C2C3B9EDE00C4DE06 /* AppTrackingTransparency.framework in Frameworks */ = {isa = PBXBuildFile; fileRef = 9338347B2C3B9EDE00C4DE06 /* AppTrackingTransparency.framework */; };
		9338347E2C3B9EE400C4DE06 /* AdSupport.framework in Frameworks */ = {isa = PBXBuildFile; fileRef = 9338347D2C3B9EE400C4DE06 /* AdSupport.framework */; };
		933834802C3B9EE900C4DE06 /* CoreLocation.framework in Frameworks */ = {isa = PBXBuildFile; fileRef = 9338347F2C3B9EE900C4DE06 /* CoreLocation.framework */; };
		933834822C3B9EED00C4DE06 /* QuartzCore.framework in Frameworks */ = {isa = PBXBuildFile; fileRef = 933834812C3B9EED00C4DE06 /* QuartzCore.framework */; };
		933834842C3B9EF300C4DE06 /* SystemConfiguration.framework in Frameworks */ = {isa = PBXBuildFile; fileRef = 933834832C3B9EF300C4DE06 /* SystemConfiguration.framework */; };
		933834862C3B9EF900C4DE06 /* CoreTelephony.framework in Frameworks */ = {isa = PBXBuildFile; fileRef = 933834852C3B9EF900C4DE06 /* CoreTelephony.framework */; };
		933834882C3B9F0000C4DE06 /* Security.framework in Frameworks */ = {isa = PBXBuildFile; fileRef = 933834872C3B9F0000C4DE06 /* Security.framework */; };
		9338348A2C3B9F0500C4DE06 /* AVFoundation.framework in Frameworks */ = {isa = PBXBuildFile; fileRef = 933834892C3B9F0500C4DE06 /* AVFoundation.framework */; };
		9338348C2C3B9F0A00C4DE06 /* WebKit.framework in Frameworks */ = {isa = PBXBuildFile; fileRef = 9338348B2C3B9F0A00C4DE06 /* WebKit.framework */; };
		9338348E2C3B9F1600C4DE06 /* libz.tbd in Frameworks */ = {isa = PBXBuildFile; fileRef = 9338348D2C3B9F1500C4DE06 /* libz.tbd */; };
		933834902C3B9F1A00C4DE06 /* libxml2.tbd in Frameworks */ = {isa = PBXBuildFile; fileRef = 9338348F2C3B9F1A00C4DE06 /* libxml2.tbd */; };
		933834922C3B9F2100C4DE06 /* libsqlite3.tbd in Frameworks */ = {isa = PBXBuildFile; fileRef = 933834912C3B9F2100C4DE06 /* libsqlite3.tbd */; };
		9376596B2C2D602200D52792 /* AppDelegate.m in Sources */ = {isa = PBXBuildFile; fileRef = 9376596A2C2D602200D52792 /* AppDelegate.m */; };
		937659762C2D602300D52792 /* Assets.xcassets in Resources */ = {isa = PBXBuildFile; fileRef = 937659752C2D602300D52792 /* Assets.xcassets */; };
		937659792C2D602300D52792 /* Base in Resources */ = {isa = PBXBuildFile; fileRef = 937659782C2D602300D52792 /* Base */; };
		9376597C2C2D602300D52792 /* main.m in Sources */ = {isa = PBXBuildFile; fileRef = 9376597B2C2D602300D52792 /* main.m */; };
		937659862C2D608600D52792 /* UniAppBridge.swift in Sources */ = {isa = PBXBuildFile; fileRef = 937659852C2D608600D52792 /* UniAppBridge.swift */; };
		937659882C2D60A900D52792 /* PrivacyInfo.xcprivacy in Resources */ = {isa = PBXBuildFile; fileRef = 937659872C2D60A900D52792 /* PrivacyInfo.xcprivacy */; };
		9376598C2FCB9E3B00D52792 /* ProductDetailViewController.swift in Sources */ = {isa = PBXBuildFile; fileRef = 9376598B2FCB9E3B00D52792 /* ProductDetailViewController.swift */; };
		937659942FCF4BB500D52792 /* NativeNavigationBar.swift in Sources */ = {isa = PBXBuildFile; fileRef = 937659932FCF4BB500D52792 /* NativeNavigationBar.swift */; };
		937659972C2D623D00D52792 /* DCloudUTSFoundation.xcframework in Frameworks */ = {isa = PBXBuildFile; fileRef = 9376598A2C2D623400D52792 /* DCloudUTSFoundation.xcframework */; };
		937659982C2D623D00D52792 /* DCloudUTSFoundation.xcframework in Embed Frameworks */ = {isa = PBXBuildFile; fileRef = 9376598A2C2D623400D52792 /* DCloudUTSFoundation.xcframework */; settings = {ATTRIBUTES = (CodeSignOnCopy, ); }; };
		937659F42C2D7A7900D52792 /* libc++.tbd in Frameworks */ = {isa = PBXBuildFile; fileRef = 937659F32C2D7A7900D52792 /* libc++.tbd */; };
		937659F62C2D7A7E00D52792 /* JavaScriptCore.framework in Frameworks */ = {isa = PBXBuildFile; fileRef = 937659F52C2D7A7E00D52792 /* JavaScriptCore.framework */; };
		937BFD572E7E90FF005019C5 /* SDWebImage.xcframework in Frameworks */ = {isa = PBXBuildFile; fileRef = 937BFD552E7E8DF0005019C5 /* SDWebImage.xcframework */; };
		937BFD582E7E9100005019C5 /* SDWebImage.xcframework in Embed Frameworks */ = {isa = PBXBuildFile; fileRef = 937BFD552E7E8DF0005019C5 /* SDWebImage.xcframework */; settings = {ATTRIBUTES = (CodeSignOnCopy, RemoveHeadersOnCopy, ); }; };
		9381A5452CDE1B9D002872E0 /* DCloudUniappRuntime.xcframework in Frameworks */ = {isa = PBXBuildFile; fileRef = 9381A5432CDE1B93002872E0 /* DCloudUniappRuntime.xcframework */; };
		9381A5462CDE1B9D002872E0 /* DCloudUniappRuntime.xcframework in Embed Frameworks */ = {isa = PBXBuildFile; fileRef = 9381A5432CDE1B93002872E0 /* DCloudUniappRuntime.xcframework */; settings = {ATTRIBUTES = (CodeSignOnCopy, RemoveHeadersOnCopy, ); }; };
		9383B4462D0C255D00CAD42A /* uni-map-tencent.bundle in Resources */ = {isa = PBXBuildFile; fileRef = 9383B4442D0C255D00CAD42A /* uni-map-tencent.bundle */; };
		9383B4472D0C255D00CAD42A /* uni-prompt.bundle in Resources */ = {isa = PBXBuildFile; fileRef = 9383B4452D0C255D00CAD42A /* uni-prompt.bundle */; };
		93DFF8832D2E7A8D002D459D /* uni-app-x in Resources */ = {isa = PBXBuildFile; fileRef = 93DFF8822D2E7A8D002D459D /* uni-app-x */; };
		93EA3E462C78423800D811ED /* DCloudUTSExtAPI.xcframework in Frameworks */ = {isa = PBXBuildFile; fileRef = 93EA3E3D2C78422D00D811ED /* DCloudUTSExtAPI.xcframework */; };
		93EA3E472C78423900D811ED /* DCloudUTSExtAPI.xcframework in Embed Frameworks */ = {isa = PBXBuildFile; fileRef = 93EA3E3D2C78422D00D811ED /* DCloudUTSExtAPI.xcframework */; settings = {ATTRIBUTES = (CodeSignOnCopy, ); }; };
		93EA3E6B2C784A0D00D811ED /* DCloudUniCanvas.xcframework in Frameworks */ = {isa = PBXBuildFile; fileRef = 93EA3E692C784A0500D811ED /* DCloudUniCanvas.xcframework */; };
		93EA3E6C2C784A0D00D811ED /* DCloudUniCanvas.xcframework in Embed Frameworks */ = {isa = PBXBuildFile; fileRef = 93EA3E692C784A0500D811ED /* DCloudUniCanvas.xcframework */; settings = {ATTRIBUTES = (CodeSignOnCopy, RemoveHeadersOnCopy, ); }; };
		93F3D1732D54798700151A59 /* KTVHTTPCache.xcframework in Frameworks */ = {isa = PBXBuildFile; fileRef = 93F3D1712D54798100151A59 /* KTVHTTPCache.xcframework */; };
		93F3D1742D54798700151A59 /* KTVHTTPCache.xcframework in Embed Frameworks */ = {isa = PBXBuildFile; fileRef = 93F3D1712D54798100151A59 /* KTVHTTPCache.xcframework */; settings = {ATTRIBUTES = (CodeSignOnCopy, RemoveHeadersOnCopy, ); }; };
		93F3D17A2D549AA000151A59 /* CocoaAsyncSocket.xcframework in Frameworks */ = {isa = PBXBuildFile; fileRef = 93F3D1782D549A9900151A59 /* CocoaAsyncSocket.xcframework */; };
		93F3D17B2D549AA000151A59 /* CocoaAsyncSocket.xcframework in Embed Frameworks */ = {isa = PBXBuildFile; fileRef = 93F3D1782D549A9900151A59 /* CocoaAsyncSocket.xcframework */; settings = {ATTRIBUTES = (CodeSignOnCopy, RemoveHeadersOnCopy, ); }; };
		B6A0F4F52F30AE0800A6E3CE /* DCUniVideo.xcframework in Frameworks */ = {isa = PBXBuildFile; fileRef = B6A0F4F12F30ADFE00A6E3CE /* DCUniVideo.xcframework */; };
		B6A0F4F62F30AE0800A6E3CE /* DCUniVideo.xcframework in Embed Frameworks */ = {isa = PBXBuildFile; fileRef = B6A0F4F12F30ADFE00A6E3CE /* DCUniVideo.xcframework */; settings = {ATTRIBUTES = (CodeSignOnCopy, RemoveHeadersOnCopy, ); }; };
		B6A0F4F72F30AE0A00A6E3CE /* IJKMediaFrameworkWithSSL.xcframework in Frameworks */ = {isa = PBXBuildFile; fileRef = B6A0F4F22F30ADFE00A6E3CE /* IJKMediaFrameworkWithSSL.xcframework */; };
		B6A0F4F82F30AE0A00A6E3CE /* IJKMediaFrameworkWithSSL.xcframework in Embed Frameworks */ = {isa = PBXBuildFile; fileRef = B6A0F4F22F30ADFE00A6E3CE /* IJKMediaFrameworkWithSSL.xcframework */; settings = {ATTRIBUTES = (CodeSignOnCopy, RemoveHeadersOnCopy, ); }; };
		B6A0F5052F30BFED00A6E3CE /* PLMediaStreamingKit.xcframework in Frameworks */ = {isa = PBXBuildFile; fileRef = B6A0F5032F30BFED00A6E3CE /* PLMediaStreamingKit.xcframework */; };
		B6A0F5062F30BFED00A6E3CE /* PLMediaStreamingKit.xcframework in Embed Frameworks */ = {isa = PBXBuildFile; fileRef = B6A0F5032F30BFED00A6E3CE /* PLMediaStreamingKit.xcframework */; settings = {ATTRIBUTES = (CodeSignOnCopy, RemoveHeadersOnCopy, ); }; };
		B6A0F5072F30BFED00A6E3CE /* HappyDNS.xcframework in Frameworks */ = {isa = PBXBuildFile; fileRef = B6A0F5042F30BFED00A6E3CE /* HappyDNS.xcframework */; };
		B6A0F5082F30BFED00A6E3CE /* HappyDNS.xcframework in Embed Frameworks */ = {isa = PBXBuildFile; fileRef = B6A0F5042F30BFED00A6E3CE /* HappyDNS.xcframework */; settings = {ATTRIBUTES = (CodeSignOnCopy, RemoveHeadersOnCopy, ); }; };
		B6A0F50A2F30C01000A6E3CE /* qplayer2_core.xcframework in Frameworks */ = {isa = PBXBuildFile; fileRef = B6A0F5092F30C01000A6E3CE /* qplayer2_core.xcframework */; };
		B6A0F50B2F30C01100A6E3CE /* qplayer2_core.xcframework in Embed Frameworks */ = {isa = PBXBuildFile; fileRef = B6A0F5092F30C01000A6E3CE /* qplayer2_core.xcframework */; settings = {ATTRIBUTES = (CodeSignOnCopy, RemoveHeadersOnCopy, ); }; };
		BCC486B026F3A7C4669E538E /* NativeTestPlugin.xcframework in Frameworks */ = {isa = PBXBuildFile; fileRef = DBF87034F7206EE538F4EA2B /* NativeTestPlugin.xcframework */; };
		CD20DF537656421594AABD30 /* NativeTestPlugin.xcframework in Embed Frameworks */ = {isa = PBXBuildFile; fileRef = DBF87034F7206EE538F4EA2B /* NativeTestPlugin.xcframework */; settings = {ATTRIBUTES = (CodeSignOnCopy, ); }; };
/* End PBXBuildFile section */

/* Begin PBXCopyFilesBuildPhase section */
		937659942C2D623B00D52792 /* Embed Frameworks */ = {
			isa = PBXCopyFilesBuildPhase;
			buildActionMask = 2147483647;
			dstPath = "";
			dstSubfolderSpec = 10;
			files = (
				937BFD582E7E9100005019C5 /* SDWebImage.xcframework in Embed Frameworks */,
				9381A5462CDE1B9D002872E0 /* DCloudUniappRuntime.xcframework in Embed Frameworks */,
				B6A0F4F62F30AE0800A6E3CE /* DCUniVideo.xcframework in Embed Frameworks */,
				93EA3E6C2C784A0D00D811ED /* DCloudUniCanvas.xcframework in Embed Frameworks */,
				93EA3E472C78423900D811ED /* DCloudUTSExtAPI.xcframework in Embed Frameworks */,
				933834782C3B9EB000C4DE06 /* DCUniAdFoundation.xcframework in Embed Frameworks */,
				B6A0F4F82F30AE0A00A6E3CE /* IJKMediaFrameworkWithSSL.xcframework in Embed Frameworks */,
				937659982C2D623D00D52792 /* DCloudUTSFoundation.xcframework in Embed Frameworks */,
				93F3D1742D54798700151A59 /* KTVHTTPCache.xcframework in Embed Frameworks */,
				B6A0F5062F30BFED00A6E3CE /* PLMediaStreamingKit.xcframework in Embed Frameworks */,
				B6A0F50B2F30C01100A6E3CE /* qplayer2_core.xcframework in Embed Frameworks */,
				B6A0F5082F30BFED00A6E3CE /* HappyDNS.xcframework in Embed Frameworks */,
				93F3D17B2D549AA000151A59 /* CocoaAsyncSocket.xcframework in Embed Frameworks */,
				CD20DF537656421594AABD30 /* NativeTestPlugin.xcframework in Embed Frameworks */,
			);
			name = "Embed Frameworks";
			runOnlyForDeploymentPostprocessing = 0;
		};
/* End PBXCopyFilesBuildPhase section */

/* Begin PBXFileReference section */
		930BFEB92CE48A11006333FB /* DCloudDebugServe.xcframework */ = {isa = PBXFileReference; lastKnownFileType = wrapper.xcframework; name = DCloudDebugServe.xcframework; path = SDK/Libs/DCloudDebugServe.xcframework; sourceTree = "<group>"; };
		933834552C3B9DAA00C4DE06 /* DCloudPermissionCamera.xcframework */ = {isa = PBXFileReference; lastKnownFileType = wrapper.xcframework; name = DCloudPermissionCamera.xcframework; path = SDK/Libs/DCloudPermissionCamera.xcframework; sourceTree = "<group>"; };
		933834562C3B9DAA00C4DE06 /* DCloudPermissionMicrophone.xcframework */ = {isa = PBXFileReference; lastKnownFileType = wrapper.xcframework; name = DCloudPermissionMicrophone.xcframework; path = SDK/Libs/DCloudPermissionMicrophone.xcframework; sourceTree = "<group>"; };
		933834572C3B9DAA00C4DE06 /* DCloudPermissionIDFA.xcframework */ = {isa = PBXFileReference; lastKnownFileType = wrapper.xcframework; name = DCloudPermissionIDFA.xcframework; path = SDK/Libs/DCloudPermissionIDFA.xcframework; sourceTree = "<group>"; };
		933834582C3B9DAA00C4DE06 /* DCloudPermissionPush.xcframework */ = {isa = PBXFileReference; lastKnownFileType = wrapper.xcframework; name = DCloudPermissionPush.xcframework; path = SDK/Libs/DCloudPermissionPush.xcframework; sourceTree = "<group>"; };
		933834592C3B9DAA00C4DE06 /* DCloudPermissionLocation.xcframework */ = {isa = PBXFileReference; lastKnownFileType = wrapper.xcframework; name = DCloudPermissionLocation.xcframework; path = SDK/Libs/DCloudPermissionLocation.xcframework; sourceTree = "<group>"; };
		9338345A2C3B9DAA00C4DE06 /* DCloudPermissionAlbum.xcframework */ = {isa = PBXFileReference; lastKnownFileType = wrapper.xcframework; name = DCloudPermissionAlbum.xcframework; path = SDK/Libs/DCloudPermissionAlbum.xcframework; sourceTree = "<group>"; };
		933834612C3B9DC800C4DE06 /* DCSVProgressHUD.bundle */ = {isa = PBXFileReference; lastKnownFileType = "wrapper.plug-in"; name = DCSVProgressHUD.bundle; path = SDK/Resources/DCSVProgressHUD.bundle; sourceTree = "<group>"; };
		933834622C3B9DC800C4DE06 /* BioAuthEngine.bundle */ = {isa = PBXFileReference; lastKnownFileType = "wrapper.plug-in"; name = BioAuthEngine.bundle; path = SDK/Resources/BioAuthEngine.bundle; sourceTree = "<group>"; };
		933834632C3B9DC800C4DE06 /* TYRZResource.bundle */ = {isa = PBXFileReference; lastKnownFileType = "wrapper.plug-in"; name = TYRZResource.bundle; path = SDK/Resources/TYRZResource.bundle; sourceTree = "<group>"; };
		933834642C3B9DC800C4DE06 /* AlipaySDK.bundle */ = {isa = PBXFileReference; lastKnownFileType = "wrapper.plug-in"; name = AlipaySDK.bundle; path = SDK/Resources/AlipaySDK.bundle; sourceTree = "<group>"; };
		933834652C3B9DC800C4DE06 /* DCMediaEditingController.bundle */ = {isa = PBXFileReference; lastKnownFileType = "wrapper.plug-in"; name = DCMediaEditingController.bundle; path = SDK/Resources/DCMediaEditingController.bundle; sourceTree = "<group>"; };
		933834662C3B9DC800C4DE06 /* DCUniVideo.bundle */ = {isa = PBXFileReference; lastKnownFileType = "wrapper.plug-in"; name = DCUniVideo.bundle; path = SDK/Resources/DCUniVideo.bundle; sourceTree = "<group>"; };
		933834672C3B9DC800C4DE06 /* ToygerNative.bundle */ = {isa = PBXFileReference; lastKnownFileType = "wrapper.plug-in"; name = ToygerNative.bundle; path = SDK/Resources/ToygerNative.bundle; sourceTree = "<group>"; };
		933834682C3B9DC800C4DE06 /* DCTZImagePickerController.bundle */ = {isa = PBXFileReference; lastKnownFileType = "wrapper.plug-in"; name = DCTZImagePickerController.bundle; path = SDK/Resources/DCTZImagePickerController.bundle; sourceTree = "<group>"; };
		933834692C3B9DC800C4DE06 /* DCUniAdSDK.bundle */ = {isa = PBXFileReference; lastKnownFileType = "wrapper.plug-in"; name = DCUniAdSDK.bundle; path = SDK/Resources/DCUniAdSDK.bundle; sourceTree = "<group>"; };
		9338346A2C3B9DC800C4DE06 /* APBToygerFacade.bundle */ = {isa = PBXFileReference; lastKnownFileType = "wrapper.plug-in"; name = APBToygerFacade.bundle; path = SDK/Resources/APBToygerFacade.bundle; sourceTree = "<group>"; };
		933834752C3B9EAA00C4DE06 /* DCUniAdFoundation.xcframework */ = {isa = PBXFileReference; lastKnownFileType = wrapper.xcframework; name = DCUniAdFoundation.xcframework; path = SDK/Libs/DCUniAdFoundation.xcframework; sourceTree = "<group>"; };
		933834792C3B9EC900C4DE06 /* DCUniAdGdt.xcframework */ = {isa = PBXFileReference; lastKnownFileType = wrapper.xcframework; name = DCUniAdGdt.xcframework; path = SDK/Libs/DCUniAdGdt.xcframework; sourceTree = "<group>"; };
		9338347B2C3B9EDE00C4DE06 /* AppTrackingTransparency.framework */ = {isa = PBXFileReference; lastKnownFileType = wrapper.framework; name = AppTrackingTransparency.framework; path = System/Library/Frameworks/AppTrackingTransparency.framework; sourceTree = SDKROOT; };
		9338347D2C3B9EE400C4DE06 /* AdSupport.framework */ = {isa = PBXFileReference; lastKnownFileType = wrapper.framework; name = AdSupport.framework; path = System/Library/Frameworks/AdSupport.framework; sourceTree = SDKROOT; };
		9338347F2C3B9EE900C4DE06 /* CoreLocation.framework */ = {isa = PBXFileReference; lastKnownFileType = wrapper.framework; name = CoreLocation.framework; path = System/Library/Frameworks/CoreLocation.framework; sourceTree = SDKROOT; };
		933834812C3B9EED00C4DE06 /* QuartzCore.framework */ = {isa = PBXFileReference; lastKnownFileType = wrapper.framework; name = QuartzCore.framework; path = System/Library/Frameworks/QuartzCore.framework; sourceTree = SDKROOT; };
		933834832C3B9EF300C4DE06 /* SystemConfiguration.framework */ = {isa = PBXFileReference; lastKnownFileType = wrapper.framework; name = SystemConfiguration.framework; path = System/Library/Frameworks/SystemConfiguration.framework; sourceTree = SDKROOT; };
		933834852C3B9EF900C4DE06 /* CoreTelephony.framework */ = {isa = PBXFileReference; lastKnownFileType = wrapper.framework; name = CoreTelephony.framework; path = System/Library/Frameworks/CoreTelephony.framework; sourceTree = SDKROOT; };
		933834872C3B9F0000C4DE06 /* Security.framework */ = {isa = PBXFileReference; lastKnownFileType = wrapper.framework; name = Security.framework; path = System/Library/Frameworks/Security.framework; sourceTree = SDKROOT; };
		933834892C3B9F0500C4DE06 /* AVFoundation.framework */ = {isa = PBXFileReference; lastKnownFileType = wrapper.framework; name = AVFoundation.framework; path = System/Library/Frameworks/AVFoundation.framework; sourceTree = SDKROOT; };
		9338348B2C3B9F0A00C4DE06 /* WebKit.framework */ = {isa = PBXFileReference; lastKnownFileType = wrapper.framework; name = WebKit.framework; path = System/Library/Frameworks/WebKit.framework; sourceTree = SDKROOT; };
		9338348D2C3B9F1500C4DE06 /* libz.tbd */ = {isa = PBXFileReference; lastKnownFileType = "sourcecode.text-based-dylib-definition"; name = libz.tbd; path = usr/lib/libz.tbd; sourceTree = SDKROOT; };
		9338348F2C3B9F1A00C4DE06 /* libxml2.tbd */ = {isa = PBXFileReference; lastKnownFileType = "sourcecode.text-based-dylib-definition"; name = libxml2.tbd; path = usr/lib/libxml2.tbd; sourceTree = SDKROOT; };
		933834912C3B9F2100C4DE06 /* libsqlite3.tbd */ = {isa = PBXFileReference; lastKnownFileType = "sourcecode.text-based-dylib-definition"; name = libsqlite3.tbd; path = usr/lib/libsqlite3.tbd; sourceTree = SDKROOT; };
		937659662C2D602200D52792 /* UniAppX.app */ = {isa = PBXFileReference; explicitFileType = wrapper.application; includeInIndex = 0; path = UniAppX.app; sourceTree = BUILT_PRODUCTS_DIR; };
		937659692C2D602200D52792 /* AppDelegate.h */ = {isa = PBXFileReference; lastKnownFileType = sourcecode.c.h; path = AppDelegate.h; sourceTree = "<group>"; };
		9376596A2C2D602200D52792 /* AppDelegate.m */ = {isa = PBXFileReference; lastKnownFileType = sourcecode.c.objc; path = AppDelegate.m; sourceTree = "<group>"; };
		937659752C2D602300D52792 /* Assets.xcassets */ = {isa = PBXFileReference; lastKnownFileType = folder.assetcatalog; path = Assets.xcassets; sourceTree = "<group>"; };
		937659782C2D602300D52792 /* Base */ = {isa = PBXFileReference; lastKnownFileType = file.storyboard; name = Base; path = Base.lproj/LaunchScreen.storyboard; sourceTree = "<group>"; };
		9376597A2C2D602300D52792 /* Info.plist */ = {isa = PBXFileReference; lastKnownFileType = text.plist.xml; path = Info.plist; sourceTree = "<group>"; };
		9376597B2C2D602300D52792 /* main.m */ = {isa = PBXFileReference; lastKnownFileType = sourcecode.c.objc; path = main.m; sourceTree = "<group>"; };
		937659842C2D608600D52792 /* UniAppXDemo-Bridging-Header.h */ = {isa = PBXFileReference; lastKnownFileType = sourcecode.c.h; path = "UniAppXDemo-Bridging-Header.h"; sourceTree = "<group>"; };
		937659852C2D608600D52792 /* UniAppBridge.swift */ = {isa = PBXFileReference; lastKnownFileType = sourcecode.swift; path = UniAppBridge.swift; sourceTree = "<group>"; };
		937659872C2D60A900D52792 /* PrivacyInfo.xcprivacy */ = {isa = PBXFileReference; fileEncoding = 4; lastKnownFileType = text.xml; path = PrivacyInfo.xcprivacy; sourceTree = "<group>"; };
		9376598A2C2D623400D52792 /* DCloudUTSFoundation.xcframework */ = {isa = PBXFileReference; lastKnownFileType = wrapper.xcframework; name = DCloudUTSFoundation.xcframework; path = SDK/Libs/DCloudUTSFoundation.xcframework; sourceTree = "<group>"; };
		9376598B2FCB9E3B00D52792 /* ProductDetailViewController.swift */ = {isa = PBXFileReference; lastKnownFileType = sourcecode.swift; path = ProductDetailViewController.swift; sourceTree = "<group>"; };
		937659932FCF4BB500D52792 /* NativeNavigationBar.swift */ = {isa = PBXFileReference; lastKnownFileType = sourcecode.swift; path = NativeNavigationBar.swift; sourceTree = "<group>"; };
		937659F32C2D7A7900D52792 /* libc++.tbd */ = {isa = PBXFileReference; lastKnownFileType = "sourcecode.text-based-dylib-definition"; name = "libc++.tbd"; path = "usr/lib/libc++.tbd"; sourceTree = SDKROOT; };
		937659F52C2D7A7E00D52792 /* JavaScriptCore.framework */ = {isa = PBXFileReference; lastKnownFileType = wrapper.framework; name = JavaScriptCore.framework; path = System/Library/Frameworks/JavaScriptCore.framework; sourceTree = SDKROOT; };
		937BFD552E7E8DF0005019C5 /* SDWebImage.xcframework */ = {isa = PBXFileReference; expectedSignature = "AppleDeveloperProgram:YQM5H857L5:Digital Heaven (Beijing) Internet & Technology Co., Ltd."; lastKnownFileType = wrapper.xcframework; name = SDWebImage.xcframework; path = SDK/Libs/SDWebImage.xcframework; sourceTree = "<group>"; };
		9381A5432CDE1B93002872E0 /* DCloudUniappRuntime.xcframework */ = {isa = PBXFileReference; lastKnownFileType = wrapper.xcframework; name = DCloudUniappRuntime.xcframework; path = SDK/Libs/DCloudUniappRuntime.xcframework; sourceTree = "<group>"; };
		9383B4442D0C255D00CAD42A /* uni-map-tencent.bundle */ = {isa = PBXFileReference; lastKnownFileType = "wrapper.plug-in"; name = "uni-map-tencent.bundle"; path = "SDK/Resources/uni-map-tencent.bundle"; sourceTree = SOURCE_ROOT; };
		9383B4452D0C255D00CAD42A /* uni-prompt.bundle */ = {isa = PBXFileReference; lastKnownFileType = "wrapper.plug-in"; name = "uni-prompt.bundle"; path = "SDK/Resources/uni-prompt.bundle"; sourceTree = SOURCE_ROOT; };
		9394D6B72C32CA5C006EB534 /* UniAppXDemoDebug.entitlements */ = {isa = PBXFileReference; lastKnownFileType = text.plist.entitlements; path = UniAppXDemoDebug.entitlements; sourceTree = "<group>"; };
		93DFF8822D2E7A8D002D459D /* uni-app-x */ = {isa = PBXFileReference; lastKnownFileType = folder; path = "uni-app-x"; sourceTree = "<group>"; };
		93EA3E3D2C78422D00D811ED /* DCloudUTSExtAPI.xcframework */ = {isa = PBXFileReference; lastKnownFileType = wrapper.xcframework; name = DCloudUTSExtAPI.xcframework; path = TemporarySampleFramework/DCloudUTSExtAPI.xcframework; sourceTree = "<group>"; };
		93EA3E692C784A0500D811ED /* DCloudUniCanvas.xcframework */ = {isa = PBXFileReference; lastKnownFileType = wrapper.xcframework; name = DCloudUniCanvas.xcframework; path = SDK/Libs/DCloudUniCanvas.xcframework; sourceTree = "<group>"; };
		93F3D1712D54798100151A59 /* KTVHTTPCache.xcframework */ = {isa = PBXFileReference; lastKnownFileType = wrapper.xcframework; name = KTVHTTPCache.xcframework; path = SDK/Libs/KTVHTTPCache.xcframework; sourceTree = "<group>"; };
		93F3D1782D549A9900151A59 /* CocoaAsyncSocket.xcframework */ = {isa = PBXFileReference; lastKnownFileType = wrapper.xcframework; name = CocoaAsyncSocket.xcframework; path = SDK/Libs/CocoaAsyncSocket.xcframework; sourceTree = "<group>"; };
		B6A0F4F12F30ADFE00A6E3CE /* DCUniVideo.xcframework */ = {isa = PBXFileReference; lastKnownFileType = wrapper.xcframework; name = DCUniVideo.xcframework; path = SDK/Libs/DCUniVideo.xcframework; sourceTree = "<group>"; };
		B6A0F4F22F30ADFE00A6E3CE /* IJKMediaFrameworkWithSSL.xcframework */ = {isa = PBXFileReference; lastKnownFileType = wrapper.xcframework; name = IJKMediaFrameworkWithSSL.xcframework; path = SDK/Libs/IJKMediaFrameworkWithSSL.xcframework; sourceTree = "<group>"; };
		B6A0F5032F30BFED00A6E3CE /* PLMediaStreamingKit.xcframework */ = {isa = PBXFileReference; lastKnownFileType = wrapper.xcframework; name = PLMediaStreamingKit.xcframework; path = SDK/Libs/PLMediaStreamingKit.xcframework; sourceTree = "<group>"; };
		B6A0F5042F30BFED00A6E3CE /* HappyDNS.xcframework */ = {isa = PBXFileReference; lastKnownFileType = wrapper.xcframework; name = HappyDNS.xcframework; path = SDK/Libs/HappyDNS.xcframework; sourceTree = "<group>"; };
		B6A0F5092F30C01000A6E3CE /* qplayer2_core.xcframework */ = {isa = PBXFileReference; lastKnownFileType = wrapper.xcframework; name = qplayer2_core.xcframework; path = SDK/Libs/qplayer2_core.xcframework; sourceTree = "<group>"; };
		CEBDC9BADEA3D132E98F2DFF /* native-demo-index.swift */ = {isa = PBXFileReference; includeInIndex = 1; lastKnownFileType = sourcecode.swift; name = "native-demo-index.swift"; path = "uni-app-x/uni_modules/native-demo/utssdk/app-ios/src/native-demo-index.swift"; sourceTree = "<group>"; };
		D5C788009185A1DDC7829283 /* native-bridge-index.swift */ = {isa = PBXFileReference; includeInIndex = 1; lastKnownFileType = sourcecode.swift; name = "native-bridge-index.swift"; path = "uni-app-x/uni_modules/native-bridge/utssdk/app-ios/src/index.swift"; sourceTree = "<group>"; };
		DBF87034F7206EE538F4EA2B /* NativeTestPlugin.xcframework */ = {isa = PBXFileReference; includeInIndex = 1; lastKnownFileType = wrapper.xcframework; name = NativeTestPlugin.xcframework; path = Frameworks/NativeTestPlugin.xcframework; sourceTree = "<group>"; };
/* End PBXFileReference section */

/* Begin PBXFrameworksBuildPhase section */
		937659632C2D602200D52792 /* Frameworks */ = {
			isa = PBXFrameworksBuildPhase;
			buildActionMask = 2147483647;
			files = (
				930BFEBA2CE48A12006333FB /* DCloudDebugServe.xcframework in Frameworks */,
				9381A5452CDE1B9D002872E0 /* DCloudUniappRuntime.xcframework in Frameworks */,
				93EA3E462C78423800D811ED /* DCloudUTSExtAPI.xcframework in Frameworks */,
				933834922C3B9F2100C4DE06 /* libsqlite3.tbd in Frameworks */,
				93F3D1732D54798700151A59 /* KTVHTTPCache.xcframework in Frameworks */,
				933834902C3B9F1A00C4DE06 /* libxml2.tbd in Frameworks */,
				9338348E2C3B9F1600C4DE06 /* libz.tbd in Frameworks */,
				937BFD572E7E90FF005019C5 /* SDWebImage.xcframework in Frameworks */,
				9338348C2C3B9F0A00C4DE06 /* WebKit.framework in Frameworks */,
				9338348A2C3B9F0500C4DE06 /* AVFoundation.framework in Frameworks */,
				933834882C3B9F0000C4DE06 /* Security.framework in Frameworks */,
				9338347C2C3B9EDE00C4DE06 /* AppTrackingTransparency.framework in Frameworks */,
				B6A0F5072F30BFED00A6E3CE /* HappyDNS.xcframework in Frameworks */,
				9338347E2C3B9EE400C4DE06 /* AdSupport.framework in Frameworks */,
				9338345B2C3B9DAA00C4DE06 /* DCloudPermissionCamera.xcframework in Frameworks */,
				9338345C2C3B9DAA00C4DE06 /* DCloudPermissionMicrophone.xcframework in Frameworks */,
				9338345D2C3B9DAA00C4DE06 /* DCloudPermissionIDFA.xcframework in Frameworks */,
				9338345E2C3B9DAA00C4DE06 /* DCloudPermissionPush.xcframework in Frameworks */,
				B6A0F5052F30BFED00A6E3CE /* PLMediaStreamingKit.xcframework in Frameworks */,
				B6A0F4F52F30AE0800A6E3CE /* DCUniVideo.xcframework in Frameworks */,
				9338345F2C3B9DAA00C4DE06 /* DCloudPermissionLocation.xcframework in Frameworks */,
				933834602C3B9DAA00C4DE06 /* DCloudPermissionAlbum.xcframework in Frameworks */,
				933834822C3B9EED00C4DE06 /* QuartzCore.framework in Frameworks */,
				93EA3E6B2C784A0D00D811ED /* DCloudUniCanvas.xcframework in Frameworks */,
				937659F62C2D7A7E00D52792 /* JavaScriptCore.framework in Frameworks */,
				B6A0F4F72F30AE0A00A6E3CE /* IJKMediaFrameworkWithSSL.xcframework in Frameworks */,
				93F3D17A2D549AA000151A59 /* CocoaAsyncSocket.xcframework in Frameworks */,
				937659F42C2D7A7900D52792 /* libc++.tbd in Frameworks */,
				937659972C2D623D00D52792 /* DCloudUTSFoundation.xcframework in Frameworks */,
				933834862C3B9EF900C4DE06 /* CoreTelephony.framework in Frameworks */,
				B6A0F50A2F30C01000A6E3CE /* qplayer2_core.xcframework in Frameworks */,
				933834772C3B9EB000C4DE06 /* DCUniAdFoundation.xcframework in Frameworks */,
				933834802C3B9EE900C4DE06 /* CoreLocation.framework in Frameworks */,
				933834842C3B9EF300C4DE06 /* SystemConfiguration.framework in Frameworks */,
				BCC486B026F3A7C4669E538E /* NativeTestPlugin.xcframework in Frameworks */,
			);
			runOnlyForDeploymentPostprocessing = 0;
		};
/* End PBXFrameworksBuildPhase section */

/* Begin PBXGroup section */
		9376595D2C2D602200D52792 = {
			isa = PBXGroup;
			children = (
				9383B4442D0C255D00CAD42A /* uni-map-tencent.bundle */,
				9383B4452D0C255D00CAD42A /* uni-prompt.bundle */,
				933834642C3B9DC800C4DE06 /* AlipaySDK.bundle */,
				9338346A2C3B9DC800C4DE06 /* APBToygerFacade.bundle */,
				933834622C3B9DC800C4DE06 /* BioAuthEngine.bundle */,
				933834652C3B9DC800C4DE06 /* DCMediaEditingController.bundle */,
				933834612C3B9DC800C4DE06 /* DCSVProgressHUD.bundle */,
				933834682C3B9DC800C4DE06 /* DCTZImagePickerController.bundle */,
				933834692C3B9DC800C4DE06 /* DCUniAdSDK.bundle */,
				933834662C3B9DC800C4DE06 /* DCUniVideo.bundle */,
				933834672C3B9DC800C4DE06 /* ToygerNative.bundle */,
				933834632C3B9DC800C4DE06 /* TYRZResource.bundle */,
				937659682C2D602200D52792 /* UniAppXDemo */,
				937659672C2D602200D52792 /* Products */,
				937659892C2D623400D52792 /* Frameworks */,
			);
			sourceTree = "<group>";
		};
		937659672C2D602200D52792 /* Products */ = {
			isa = PBXGroup;
			children = (
				937659662C2D602200D52792 /* UniAppX.app */,
			);
			name = Products;
			sourceTree = "<group>";
		};
		937659682C2D602200D52792 /* UniAppXDemo */ = {
			isa = PBXGroup;
			children = (
				9394D6B72C32CA5C006EB534 /* UniAppXDemoDebug.entitlements */,
				937659872C2D60A900D52792 /* PrivacyInfo.xcprivacy */,
				93DFF8822D2E7A8D002D459D /* uni-app-x */,
				937659692C2D602200D52792 /* AppDelegate.h */,
				9376596A2C2D602200D52792 /* AppDelegate.m */,
				937659752C2D602300D52792 /* Assets.xcassets */,
				937659772C2D602300D52792 /* LaunchScreen.storyboard */,
				9376597A2C2D602300D52792 /* Info.plist */,
				9376597B2C2D602300D52792 /* main.m */,
				937659852C2D608600D52792 /* UniAppBridge.swift */,
				937659932FCF4BB500D52792 /* NativeNavigationBar.swift */,
				9376598B2FCB9E3B00D52792 /* ProductDetailViewController.swift */,
				937659842C2D608600D52792 /* UniAppXDemo-Bridging-Header.h */,
				D5C788009185A1DDC7829283 /* native-bridge-index.swift */,
				CEBDC9BADEA3D132E98F2DFF /* native-demo-index.swift */,
			);
			path = UniAppXDemo;
			sourceTree = "<group>";
		};
		937659892C2D623400D52792 /* Frameworks */ = {
			isa = PBXGroup;
			children = (
				B6A0F5092F30C01000A6E3CE /* qplayer2_core.xcframework */,
				B6A0F5042F30BFED00A6E3CE /* HappyDNS.xcframework */,
				B6A0F5032F30BFED00A6E3CE /* PLMediaStreamingKit.xcframework */,
				B6A0F4F12F30ADFE00A6E3CE /* DCUniVideo.xcframework */,
				B6A0F4F22F30ADFE00A6E3CE /* IJKMediaFrameworkWithSSL.xcframework */,
				937BFD552E7E8DF0005019C5 /* SDWebImage.xcframework */,
				93F3D1782D549A9900151A59 /* CocoaAsyncSocket.xcframework */,
				93F3D1712D54798100151A59 /* KTVHTTPCache.xcframework */,
				930BFEB92CE48A11006333FB /* DCloudDebugServe.xcframework */,
				9381A5432CDE1B93002872E0 /* DCloudUniappRuntime.xcframework */,
				93EA3E692C784A0500D811ED /* DCloudUniCanvas.xcframework */,
				93EA3E3D2C78422D00D811ED /* DCloudUTSExtAPI.xcframework */,
				933834912C3B9F2100C4DE06 /* libsqlite3.tbd */,
				9338348F2C3B9F1A00C4DE06 /* libxml2.tbd */,
				9338348D2C3B9F1500C4DE06 /* libz.tbd */,
				9338348B2C3B9F0A00C4DE06 /* WebKit.framework */,
				933834892C3B9F0500C4DE06 /* AVFoundation.framework */,
				933834872C3B9F0000C4DE06 /* Security.framework */,
				933834852C3B9EF900C4DE06 /* CoreTelephony.framework */,
				933834832C3B9EF300C4DE06 /* SystemConfiguration.framework */,
				933834812C3B9EED00C4DE06 /* QuartzCore.framework */,
				9338347F2C3B9EE900C4DE06 /* CoreLocation.framework */,
				9338347D2C3B9EE400C4DE06 /* AdSupport.framework */,
				9338347B2C3B9EDE00C4DE06 /* AppTrackingTransparency.framework */,
				933834792C3B9EC900C4DE06 /* DCUniAdGdt.xcframework */,
				933834752C3B9EAA00C4DE06 /* DCUniAdFoundation.xcframework */,
				9338345A2C3B9DAA00C4DE06 /* DCloudPermissionAlbum.xcframework */,
				933834552C3B9DAA00C4DE06 /* DCloudPermissionCamera.xcframework */,
				933834572C3B9DAA00C4DE06 /* DCloudPermissionIDFA.xcframework */,
				933834592C3B9DAA00C4DE06 /* DCloudPermissionLocation.xcframework */,
				933834562C3B9DAA00C4DE06 /* DCloudPermissionMicrophone.xcframework */,
				933834582C3B9DAA00C4DE06 /* DCloudPermissionPush.xcframework */,
				937659F52C2D7A7E00D52792 /* JavaScriptCore.framework */,
				937659F32C2D7A7900D52792 /* libc++.tbd */,
				9376598A2C2D623400D52792 /* DCloudUTSFoundation.xcframework */,
				DBF87034F7206EE538F4EA2B /* NativeTestPlugin.xcframework */,
			);
			name = Frameworks;
			sourceTree = "<group>";
		};
/* End PBXGroup section */

/* Begin PBXNativeTarget section */
		937659652C2D602200D52792 /* UniAppX */ = {
			isa = PBXNativeTarget;
			buildConfigurationList = 9376597F2C2D602300D52792 /* Build configuration list for PBXNativeTarget "UniAppX" */;
			buildPhases = (
				937659622C2D602200D52792 /* Sources */,
				937659632C2D602200D52792 /* Frameworks */,
				937659642C2D602200D52792 /* Resources */,
				937659942C2D623B00D52792 /* Embed Frameworks */,
			);
			buildRules = (
			);
			dependencies = (
			);
			name = UniAppX;
			productName = UniAppXDemo;
			productReference = 937659662C2D602200D52792 /* UniAppX.app */;
			productType = "com.apple.product-type.application";
		};
/* End PBXNativeTarget section */

/* Begin PBXProject section */
		9376595E2C2D602200D52792 /* Project object */ = {
			isa = PBXProject;
			attributes = {
				BuildIndependentTargetsInParallel = 1;
				LastUpgradeCheck = 1530;
				TargetAttributes = {
					937659652C2D602200D52792 = {
						CreatedOnToolsVersion = 15.3;
						LastSwiftMigration = 1530;
					};
				};
			};
			buildConfigurationList = 937659612C2D602200D52792 /* Build configuration list for PBXProject "UniAppXDemo" */;
			compatibilityVersion = "Xcode 14.0";
			developmentRegion = en;
			hasScannedForEncodings = 0;
			knownRegions = (
				en,
				Base,
			);
			mainGroup = 9376595D2C2D602200D52792;
			productRefGroup = 937659672C2D602200D52792 /* Products */;
			projectDirPath = "";
			projectRoot = "";
			targets = (
				937659652C2D602200D52792 /* UniAppX */,
			);
		};
/* End PBXProject section */

/* Begin PBXResourcesBuildPhase section */
		937659642C2D602200D52792 /* Resources */ = {
			isa = PBXResourcesBuildPhase;
			buildActionMask = 2147483647;
			files = (
				9338346B2C3B9DC800C4DE06 /* DCSVProgressHUD.bundle in Resources */,
				9338346C2C3B9DC800C4DE06 /* BioAuthEngine.bundle in Resources */,
				9338346D2C3B9DC800C4DE06 /* TYRZResource.bundle in Resources */,
				9338346E2C3B9DC800C4DE06 /* AlipaySDK.bundle in Resources */,
				9338346F2C3B9DC800C4DE06 /* DCMediaEditingController.bundle in Resources */,
				933834702C3B9DC800C4DE06 /* DCUniVideo.bundle in Resources */,
				93DFF8832D2E7A8D002D459D /* uni-app-x in Resources */,
				933834712C3B9DC800C4DE06 /* ToygerNative.bundle in Resources */,
				9383B4462D0C255D00CAD42A /* uni-map-tencent.bundle in Resources */,
				9383B4472D0C255D00CAD42A /* uni-prompt.bundle in Resources */,
				933834722C3B9DC800C4DE06 /* DCTZImagePickerController.bundle in Resources */,
				933834732C3B9DC800C4DE06 /* DCUniAdSDK.bundle in Resources */,
				933834742C3B9DC800C4DE06 /* APBToygerFacade.bundle in Resources */,
				937659762C2D602300D52792 /* Assets.xcassets in Resources */,
				937659792C2D602300D52792 /* Base in Resources */,
				937659882C2D60A900D52792 /* PrivacyInfo.xcprivacy in Resources */,
			);
			runOnlyForDeploymentPostprocessing = 0;
		};
/* End PBXResourcesBuildPhase section */

/* Begin PBXSourcesBuildPhase section */
		937659622C2D602200D52792 /* Sources */ = {
			isa = PBXSourcesBuildPhase;
			buildActionMask = 2147483647;
			files = (
				9376596B2C2D602200D52792 /* AppDelegate.m in Sources */,
				9376597C2C2D602300D52792 /* main.m in Sources */,
				937659862C2D608600D52792 /* UniAppBridge.swift in Sources */,
				937659942FCF4BB500D52792 /* NativeNavigationBar.swift in Sources */,
				9376598C2FCB9E3B00D52792 /* ProductDetailViewController.swift in Sources */,
				5770A7B6CCC2D8BABB1A2EB8 /* native-bridge-index.swift in Sources */,
				69A3966372E51832E27A59E8 /* native-demo-index.swift in Sources */,
			);
			runOnlyForDeploymentPostprocessing = 0;
		};
/* End PBXSourcesBuildPhase section */

/* Begin PBXVariantGroup section */
		937659772C2D602300D52792 /* LaunchScreen.storyboard */ = {
			isa = PBXVariantGroup;
			children = (
				937659782C2D602300D52792 /* Base */,
			);
			name = LaunchScreen.storyboard;
			sourceTree = "<group>";
		};
/* End PBXVariantGroup section */

/* Begin XCBuildConfiguration section */
		9376597D2C2D602300D52792 /* Debug */ = {
			isa = XCBuildConfiguration;
			buildSettings = {
				ALWAYS_SEARCH_USER_PATHS = NO;
				ASSETCATALOG_COMPILER_GENERATE_SWIFT_ASSET_SYMBOL_EXTENSIONS = YES;
				CLANG_ANALYZER_NONNULL = YES;
				CLANG_ANALYZER_NUMBER_OBJECT_CONVERSION = YES_AGGRESSIVE;
				CLANG_CXX_LANGUAGE_STANDARD = "gnu++20";
				CLANG_ENABLE_MODULES = YES;
				CLANG_ENABLE_OBJC_ARC = YES;
				CLANG_ENABLE_OBJC_WEAK = YES;
				CLANG_WARN_BLOCK_CAPTURE_AUTORELEASING = YES;
				CLANG_WARN_BOOL_CONVERSION = YES;
				CLANG_WARN_COMMA = YES;
				CLANG_WARN_CONSTANT_CONVERSION = YES;
				CLANG_WARN_DEPRECATED_OBJC_IMPLEMENTATIONS = YES;
				CLANG_WARN_DIRECT_OBJC_ISA_USAGE = YES_ERROR;
				CLANG_WARN_DOCUMENTATION_COMMENTS = YES;
				CLANG_WARN_EMPTY_BODY = YES;
				CLANG_WARN_ENUM_CONVERSION = YES;
				CLANG_WARN_INFINITE_RECURSION = YES;
				CLANG_WARN_INT_CONVERSION = YES;
				CLANG_WARN_NON_LITERAL_NULL_CONVERSION = YES;
				CLANG_WARN_OBJC_IMPLICIT_RETAIN_SELF = YES;
				CLANG_WARN_OBJC_LITERAL_CONVERSION = YES;
				CLANG_WARN_OBJC_ROOT_CLASS = YES_ERROR;
				CLANG_WARN_QUOTED_INCLUDE_IN_FRAMEWORK_HEADER = YES;
				CLANG_WARN_RANGE_LOOP_ANALYSIS = YES;
				CLANG_WARN_STRICT_PROTOTYPES = YES;
				CLANG_WARN_SUSPICIOUS_MOVE = YES;
				CLANG_WARN_UNGUARDED_AVAILABILITY = YES_AGGRESSIVE;
				CLANG_WARN_UNREACHABLE_CODE = YES;
				CLANG_WARN__DUPLICATE_METHOD_MATCH = YES;
				COPY_PHASE_STRIP = NO;
				DEBUG_INFORMATION_FORMAT = dwarf;
				ENABLE_STRICT_OBJC_MSGSEND = YES;
				ENABLE_TESTABILITY = YES;
				ENABLE_USER_SCRIPT_SANDBOXING = YES;
				GCC_C_LANGUAGE_STANDARD = gnu17;
				GCC_DYNAMIC_NO_PIC = NO;
				GCC_NO_COMMON_BLOCKS = YES;
				GCC_OPTIMIZATION_LEVEL = 0;
				GCC_PREPROCESSOR_DEFINITIONS = (
					"DEBUG=1",
					"$(inherited)",
				);
				GCC_WARN_64_TO_32_BIT_CONVERSION = YES;
				GCC_WARN_ABOUT_RETURN_TYPE = YES_ERROR;
				GCC_WARN_UNDECLARED_SELECTOR = YES;
				GCC_WARN_UNINITIALIZED_AUTOS = YES_AGGRESSIVE;
				GCC_WARN_UNUSED_FUNCTION = YES;
				GCC_WARN_UNUSED_VARIABLE = YES;
				IPHONEOS_DEPLOYMENT_TARGET = 17.4;
				LOCALIZATION_PREFERS_STRING_CATALOGS = YES;
				MTL_ENABLE_DEBUG_INFO = INCLUDE_SOURCE;
				MTL_FAST_MATH = YES;
				ONLY_ACTIVE_ARCH = YES;
				SDKROOT = iphoneos;
			};
			name = Debug;
		};
		9376597E2C2D602300D52792 /* Release */ = {
			isa = XCBuildConfiguration;
			buildSettings = {
				ALWAYS_SEARCH_USER_PATHS = NO;
				ASSETCATALOG_COMPILER_GENERATE_SWIFT_ASSET_SYMBOL_EXTENSIONS = YES;
				CLANG_ANALYZER_NONNULL = YES;
				CLANG_ANALYZER_NUMBER_OBJECT_CONVERSION = YES_AGGRESSIVE;
				CLANG_CXX_LANGUAGE_STANDARD = "gnu++20";
				CLANG_ENABLE_MODULES = YES;
				CLANG_ENABLE_OBJC_ARC = YES;
				CLANG_ENABLE_OBJC_WEAK = YES;
				CLANG_WARN_BLOCK_CAPTURE_AUTORELEASING = YES;
				CLANG_WARN_BOOL_CONVERSION = YES;
				CLANG_WARN_COMMA = YES;
				CLANG_WARN_CONSTANT_CONVERSION = YES;
				CLANG_WARN_DEPRECATED_OBJC_IMPLEMENTATIONS = YES;
				CLANG_WARN_DIRECT_OBJC_ISA_USAGE = YES_ERROR;
				CLANG_WARN_DOCUMENTATION_COMMENTS = YES;
				CLANG_WARN_EMPTY_BODY = YES;
				CLANG_WARN_ENUM_CONVERSION = YES;
				CLANG_WARN_INFINITE_RECURSION = YES;
				CLANG_WARN_INT_CONVERSION = YES;
				CLANG_WARN_NON_LITERAL_NULL_CONVERSION = YES;
				CLANG_WARN_OBJC_IMPLICIT_RETAIN_SELF = YES;
				CLANG_WARN_OBJC_LITERAL_CONVERSION = YES;
				CLANG_WARN_OBJC_ROOT_CLASS = YES_ERROR;
				CLANG_WARN_QUOTED_INCLUDE_IN_FRAMEWORK_HEADER = YES;
				CLANG_WARN_RANGE_LOOP_ANALYSIS = YES;
				CLANG_WARN_STRICT_PROTOTYPES = YES;
				CLANG_WARN_SUSPICIOUS_MOVE = YES;
				CLANG_WARN_UNGUARDED_AVAILABILITY = YES_AGGRESSIVE;
				CLANG_WARN_UNREACHABLE_CODE = YES;
				CLANG_WARN__DUPLICATE_METHOD_MATCH = YES;
				COPY_PHASE_STRIP = NO;
				DEBUG_INFORMATION_FORMAT = "dwarf-with-dsym";
				ENABLE_NS_ASSERTIONS = NO;
				ENABLE_STRICT_OBJC_MSGSEND = YES;
				ENABLE_USER_SCRIPT_SANDBOXING = YES;
				GCC_C_LANGUAGE_STANDARD = gnu17;
				GCC_NO_COMMON_BLOCKS = YES;
				GCC_WARN_64_TO_32_BIT_CONVERSION = YES;
				GCC_WARN_ABOUT_RETURN_TYPE = YES_ERROR;
				GCC_WARN_UNDECLARED_SELECTOR = YES;
				GCC_WARN_UNINITIALIZED_AUTOS = YES_AGGRESSIVE;
				GCC_WARN_UNUSED_FUNCTION = YES;
				GCC_WARN_UNUSED_VARIABLE = YES;
				IPHONEOS_DEPLOYMENT_TARGET = 17.4;
				LOCALIZATION_PREFERS_STRING_CATALOGS = YES;
				MTL_ENABLE_DEBUG_INFO = NO;
				MTL_FAST_MATH = YES;
				SDKROOT = iphoneos;
				VALIDATE_PRODUCT = YES;
			};
			name = Release;
		};
		937659802C2D602300D52792 /* Debug */ = {
			isa = XCBuildConfiguration;
			buildSettings = {
				ASSETCATALOG_COMPILER_APPICON_NAME = AppIcon;
				ASSETCATALOG_COMPILER_GLOBAL_ACCENT_COLOR_NAME = AccentColor;
				CLANG_ENABLE_MODULES = YES;
				CODE_SIGN_ENTITLEMENTS = UniAppXDemo/UniAppXDemoDebug.entitlements;
				CODE_SIGN_IDENTITY = "Apple Development";
				"CODE_SIGN_IDENTITY[sdk=iphoneos*]" = "iPhone Developer";
				CODE_SIGN_STYLE = Manual;
				CURRENT_PROJECT_VERSION = 1;
				DEVELOPMENT_TEAM = "";
				"DEVELOPMENT_TEAM[sdk=iphoneos*]" = GY4N76WKAN;
				FRAMEWORK_SEARCH_PATHS = (
					"$(inherited)",
					"$(PROJECT_DIR)",
				);
				GENERATE_INFOPLIST_FILE = YES;
				INFOPLIST_FILE = UniAppXDemo/Info.plist;
				INFOPLIST_KEY_NSCameraUsageDescription = "需要您的同意，才能使用摄像头，以便于相机拍摄";
				INFOPLIST_KEY_NSLocationAlwaysAndWhenInUseUsageDescription = "需要您的同意，才能访问位置信息";
				INFOPLIST_KEY_NSLocationWhenInUseUsageDescription = "需要您的同意，才能在使用时获取位置信息";
				INFOPLIST_KEY_NSMicrophoneUsageDescription = "需要您的同意，才能使用麦克风，以便于录制音频";
				INFOPLIST_KEY_NSPhotoLibraryAddUsageDescription = "需要您的同意，才能访问相册，以便于保存图像";
				INFOPLIST_KEY_NSPhotoLibraryUsageDescription = "需要您的同意，才能访问相册，以便于选择图像";
				INFOPLIST_KEY_UIApplicationSupportsIndirectInputEvents = YES;
				INFOPLIST_KEY_UILaunchStoryboardName = LaunchScreen;
				INFOPLIST_KEY_UISupportedInterfaceOrientations_iPad = "UIInterfaceOrientationPortrait UIInterfaceOrientationPortraitUpsideDown UIInterfaceOrientationLandscapeLeft UIInterfaceOrientationLandscapeRight";
				INFOPLIST_KEY_UISupportedInterfaceOrientations_iPhone = "UIInterfaceOrientationPortrait UIInterfaceOrientationLandscapeLeft UIInterfaceOrientationLandscapeRight";
				IPHONEOS_DEPLOYMENT_TARGET = 12.0;
				LD_RUNPATH_SEARCH_PATHS = (
					"$(inherited)",
					"@executable_path/Frameworks",
				);
				LIBRARY_SEARCH_PATHS = (
					"$(inherited)",
					"$(PROJECT_DIR)/UniAppXDemo",
				);
				MARKETING_VERSION = 1.0;
				OTHER_LDFLAGS = "-ObjC";
				PRODUCT_BUNDLE_IDENTIFIER = com.xinhuamm.xinhuashetest;
				PRODUCT_NAME = "$(TARGET_NAME)";
				PROVISIONING_PROFILE_SPECIFIER = "";
				"PROVISIONING_PROFILE_SPECIFIER[sdk=iphoneos*]" = "develop com.xinhuamm.xinhuashetest";
				SWIFT_EMIT_LOC_STRINGS = YES;
				SWIFT_OBJC_BRIDGING_HEADER = "UniAppXDemo/UniAppXDemo-Bridging-Header.h";
				SWIFT_OPTIMIZATION_LEVEL = "-Onone";
				SWIFT_VERSION = 5.0;
				TARGETED_DEVICE_FAMILY = "1,2";
			};
			name = Debug;
		};
		937659812C2D602300D52792 /* Release */ = {
			isa = XCBuildConfiguration;
			buildSettings = {
				ASSETCATALOG_COMPILER_APPICON_NAME = AppIcon;
				ASSETCATALOG_COMPILER_GLOBAL_ACCENT_COLOR_NAME = AccentColor;
				CLANG_ENABLE_MODULES = YES;
				"CODE_SIGN_IDENTITY[sdk=iphoneos*]" = "iPhone Developer";
				CODE_SIGN_STYLE = Manual;
				CURRENT_PROJECT_VERSION = 1;
				DEVELOPMENT_TEAM = "";
				"DEVELOPMENT_TEAM[sdk=iphoneos*]" = GY4N76WKAN;
				FRAMEWORK_SEARCH_PATHS = (
					"$(inherited)",
					"$(PROJECT_DIR)",
				);
				GENERATE_INFOPLIST_FILE = YES;
				INFOPLIST_FILE = UniAppXDemo/Info.plist;
				INFOPLIST_KEY_NSCameraUsageDescription = "需要您的同意，才能使用摄像头，以便于相机拍摄";
				INFOPLIST_KEY_NSLocationAlwaysAndWhenInUseUsageDescription = "需要您的同意，才能访问位置信息";
				INFOPLIST_KEY_NSLocationWhenInUseUsageDescription = "需要您的同意，才能在使用时获取位置信息";
				INFOPLIST_KEY_NSMicrophoneUsageDescription = "需要您的同意，才能使用麦克风，以便于录制音频";
				INFOPLIST_KEY_NSPhotoLibraryAddUsageDescription = "需要您的同意，才能访问相册，以便于保存图像";
				INFOPLIST_KEY_NSPhotoLibraryUsageDescription = "需要您的同意，才能访问相册，以便于选择图像";
				INFOPLIST_KEY_UIApplicationSupportsIndirectInputEvents = YES;
				INFOPLIST_KEY_UILaunchStoryboardName = LaunchScreen;
				INFOPLIST_KEY_UISupportedInterfaceOrientations_iPad = "UIInterfaceOrientationPortrait UIInterfaceOrientationPortraitUpsideDown UIInterfaceOrientationLandscapeLeft UIInterfaceOrientationLandscapeRight";
				INFOPLIST_KEY_UISupportedInterfaceOrientations_iPhone = "UIInterfaceOrientationPortrait UIInterfaceOrientationLandscapeLeft UIInterfaceOrientationLandscapeRight";
				IPHONEOS_DEPLOYMENT_TARGET = 12.0;
				LD_RUNPATH_SEARCH_PATHS = (
					"$(inherited)",
					"@executable_path/Frameworks",
				);
				LIBRARY_SEARCH_PATHS = (
					"$(inherited)",
					"$(PROJECT_DIR)/UniAppXDemo",
				);
				MARKETING_VERSION = 1.0;
				OTHER_LDFLAGS = "-ObjC";
				PRODUCT_BUNDLE_IDENTIFIER = com.xinhuamm.xinhuashetest;
				PRODUCT_NAME = "$(TARGET_NAME)";
				PROVISIONING_PROFILE_SPECIFIER = "";
				"PROVISIONING_PROFILE_SPECIFIER[sdk=iphoneos*]" = "develop com.xinhuamm.xinhuashetest";
				SWIFT_EMIT_LOC_STRINGS = YES;
				SWIFT_OBJC_BRIDGING_HEADER = "UniAppXDemo/UniAppXDemo-Bridging-Header.h";
				SWIFT_VERSION = 5.0;
				TARGETED_DEVICE_FAMILY = "1,2";
			};
			name = Release;
		};
/* End XCBuildConfiguration section */

/* Begin XCConfigurationList section */
		937659612C2D602200D52792 /* Build configuration list for PBXProject "UniAppXDemo" */ = {
			isa = XCConfigurationList;
			buildConfigurations = (
				9376597D2C2D602300D52792 /* Debug */,
				9376597E2C2D602300D52792 /* Release */,
			);
			defaultConfigurationIsVisible = 0;
			defaultConfigurationName = Release;
		};
		9376597F2C2D602300D52792 /* Build configuration list for PBXNativeTarget "UniAppX" */ = {
			isa = XCConfigurationList;
			buildConfigurations = (
				937659802C2D602300D52792 /* Debug */,
				937659812C2D602300D52792 /* Release */,
			);
			defaultConfigurationIsVisible = 0;
			defaultConfigurationName = Release;
		};
/* End XCConfigurationList section */
	};
	rootObject = 9376595E2C2D602200D52792 /* Project object */;
}
